
Microsoft Visual Studio Solution File, Format Version 12.00
# Visual Studio Version 17
VisualStudioVersion = 17.5.33516.290
MinimumVisualStudioVersion = 10.0.40219.1
Project("{8BC9CEB8-8B4A-11D0-8D11-00A0C91BC942}") = "API객체화 더블버퍼링", "API객체화 더블버퍼링\API객체화 더블버퍼링.vcxproj", "{811352B2-4435-4CF3-A69E-1403B1F093E1}"
EndProject
Global
	GlobalSection(SolutionConfigurationPlatforms) = preSolution
		Debug|x64 = Debug|x64
		Debug|x86 = Debug|x86
		Release|x64 = Release|x64
		Release|x86 = Release|x86
	EndGlobalSection
	GlobalSection(ProjectConfigurationPlatforms) = postSolution
		{811352B2-4435-4CF3-A69E-1403B1F093E1}.Debug|x64.ActiveCfg = Debug|x64
		{811352B2-4435-4CF3-A69E-1403B1F093E1}.Debug|x64.Build.0 = Debug|x64
		{811352B2-4435-4CF3-A69E-1403B1F093E1}.Debug|x86.ActiveCfg = Debug|Win32
		{811352B2-4435-4CF3-A69E-1403B1F093E1}.Debug|x86.Build.0 = Debug|Win32
		{811352B2-4435-4CF3-A69E-1403B1F093E1}.Release|x64.ActiveCfg = Release|x64
		{811352B2-4435-4CF3-A69E-1403B1F093E1}.Release|x64.Build.0 = Release|x64
		{811352B2-4435-4CF3-A69E-1403B1F093E1}.Release|x86.ActiveCfg = Release|Win32
		{811352B2-4435-4CF3-A69E-1403B1F093E1}.Release|x86.Build.0 = Release|Win32
	EndGlobalSection
	GlobalSection(SolutionProperties) = preSolution
		HideSolutionNode = FALSE
	EndGlobalSection
	GlobalSection(ExtensibilityGlobals) = postSolution
		SolutionGuid = {80EBFA1F-4084-434A-A873-01C66D761FB8}
	EndGlobalSection
EndGlobal
